{
  "version": 4,
  "terraform_version": "1.11.3",
  "serial": 209,
  "lineage": "32b93f9f-903e-610a-5fb9-075050b3d4fd",
  "outputs": {
    "bastion_ip": {
      "value": "54.163.93.134",
      "type": "string"
    }
  },
  "resources": [
    {
      "mode": "managed",
      "type": "null_resource",
      "name": "setup_management",
      "provider": "provider[\"registry.terraform.io/hashicorp/null\"]",
      "instances": [
        {
          "schema_version": 0,
          "attributes": {
            "id": "1162094437116351546",
            "triggers": {
              "instance_ip": "54.163.93.134"
            }
          },
          "sensitive_attributes": [],
          "dependencies": [
            "module.compute.aws_instance.this",
            "module.network.aws_subnet.public",
            "module.network.aws_vpc.main-vpc",
            "module.security.aws_key_pair.generated_key",
            "module.security.aws_security_group.this",
            "module.security.tls_private_key.ssh-key"
          ]
        }
      ]
    },
    {
      "module": "module.compute",
      "mode": "managed",
      "type": "aws_instance",
      "name": "this",
      "provider": "provider[\"registry.terraform.io/hashicorp/aws\"]",
      "instances": [
        {
          "index_key": 0,
          "schema_version": 1,
          "attributes": {
            "ami": "ami-084568db4383264d4",
            "arn": "arn:aws:ec2:us-east-1:051826693434:instance/i-099ebe1572628a450",
            "associate_public_ip_address": true,
            "availability_zone": "us-east-1a",
            "capacity_reservation_specification": [
              {
                "capacity_reservation_preference": "open",
                "capacity_reservation_target": []
              }
            ],
            "cpu_core_count": 1,
            "cpu_options": [
              {
                "amd_sev_snp": "",
                "core_count": 1,
                "threads_per_core": 1
              }
            ],
            "cpu_threads_per_core": 1,
            "credit_specification": [
              {
                "cpu_credits": "standard"
              }
            ],
            "disable_api_stop": false,
            "disable_api_termination": false,
            "ebs_block_device": [],
            "ebs_optimized": false,
            "enable_primary_ipv6": null,
            "enclave_options": [
              {
                "enabled": false
              }
            ],
            "ephemeral_block_device": [],
            "get_password_data": false,
            "hibernation": false,
            "host_id": "",
            "host_resource_group_arn": null,
            "iam_instance_profile": "",
            "id": "i-099ebe1572628a450",
            "instance_initiated_shutdown_behavior": "stop",
            "instance_lifecycle": "",
            "instance_market_options": [],
            "instance_state": "running",
            "instance_type": "t2.micro",
            "ipv6_address_count": 0,
            "ipv6_addresses": [],
            "key_name": "ssh-key-pair",
            "launch_template": [],
            "maintenance_options": [
              {
                "auto_recovery": "default"
              }
            ],
            "metadata_options": [
              {
                "http_endpoint": "enabled",
                "http_protocol_ipv6": "disabled",
                "http_put_response_hop_limit": 2,
                "http_tokens": "required",
                "instance_metadata_tags": "disabled"
              }
            ],
            "monitoring": false,
            "network_interface": [],
            "outpost_arn": "",
            "password_data": "",
            "placement_group": "",
            "placement_partition_number": 0,
            "primary_network_interface_id": "eni-08e9ac59368f77274",
            "private_dns": "ip-10-0-0-38.ec2.internal",
            "private_dns_name_options": [
              {
                "enable_resource_name_dns_a_record": false,
                "enable_resource_name_dns_aaaa_record": false,
                "hostname_type": "ip-name"
              }
            ],
            "private_ip": "10.0.0.38",
            "public_dns": "",
            "public_ip": "54.163.93.134",
            "root_block_device": [
              {
                "delete_on_termination": true,
                "device_name": "/dev/sda1",
                "encrypted": false,
                "iops": 3000,
                "kms_key_id": "",
                "tags": {},
                "tags_all": {},
                "throughput": 125,
                "volume_id": "vol-0d89e265489f4bfc5",
                "volume_size": 8,
                "volume_type": "gp3"
              }
            ],
            "secondary_private_ips": [],
            "security_groups": [],
            "source_dest_check": true,
            "spot_instance_request_id": "",
            "subnet_id": "subnet-03a0882144180e184",
            "tags": {
              "Name": "web-server"
            },
            "tags_all": {
              "Name": "web-server"
            },
            "tenancy": "default",
            "timeouts": null,
            "user_data": "",
            "user_data_base64": null,
            "user_data_replace_on_change": false,
            "volume_tags": null,
            "vpc_security_group_ids": [
              "sg-09326775e96ddbb67"
            ]
          },
          "sensitive_attributes": [],
          "private": "eyJlMmJmYjczMC1lY2FhLTExZTYtOGY4OC0zNDM2M2JjN2M0YzAiOnsiY3JlYXRlIjo2MDAwMDAwMDAwMDAsImRlbGV0ZSI6MTIwMDAwMDAwMDAwMCwicmVhZCI6OTAwMDAwMDAwMDAwLCJ1cGRhdGUiOjYwMDAwMDAwMDAwMH0sInNjaGVtYV92ZXJzaW9uIjoiMSJ9",
          "dependencies": [
            "module.network.aws_subnet.public",
            "module.network.aws_vpc.main-vpc",
            "module.security.aws_key_pair.generated_key",
            "module.security.aws_security_group.this",
            "module.security.tls_private_key.ssh-key"
          ]
        }
      ]
    },
    {
      "module": "module.network",
      "mode": "managed",
      "type": "aws_internet_gateway",
      "name": "igw",
      "provider": "provider[\"registry.terraform.io/hashicorp/aws\"]",
      "instances": [
        {
          "schema_version": 0,
          "attributes": {
            "arn": "arn:aws:ec2:us-east-1:051826693434:internet-gateway/igw-0d7ed23927a43135d",
            "id": "igw-0d7ed23927a43135d",
            "owner_id": "051826693434",
            "tags": {
              "Name": "igw"
            },
            "tags_all": {
              "Name": "igw"
            },
            "timeouts": null,
            "vpc_id": "vpc-05703554810fae967"
          },
          "sensitive_attributes": [],
          "private": "eyJlMmJmYjczMC1lY2FhLTExZTYtOGY4OC0zNDM2M2JjN2M0YzAiOnsiY3JlYXRlIjoxMjAwMDAwMDAwMDAwLCJkZWxldGUiOjEyMDAwMDAwMDAwMDAsInVwZGF0ZSI6MTIwMDAwMDAwMDAwMH19",
          "dependencies": [
            "module.network.aws_vpc.main-vpc"
          ]
        }
      ]
    },
    {
      "module": "module.network",
      "mode": "managed",
      "type": "aws_route_table",
      "name": "private",
      "provider": "provider[\"registry.terraform.io/hashicorp/aws\"]",
      "instances": [
        {
          "schema_version": 0,
          "attributes": {
            "arn": "arn:aws:ec2:us-east-1:051826693434:route-table/rtb-0d01ecb9d8c65268e",
            "id": "rtb-0d01ecb9d8c65268e",
            "owner_id": "051826693434",
            "propagating_vgws": [],
            "route": [],
            "tags": {
              "Name": "private-route-table"
            },
            "tags_all": {
              "Name": "private-route-table"
            },
            "timeouts": null,
            "vpc_id": "vpc-05703554810fae967"
          },
          "sensitive_attributes": [],
          "private": "eyJlMmJmYjczMC1lY2FhLTExZTYtOGY4OC0zNDM2M2JjN2M0YzAiOnsiY3JlYXRlIjozMDAwMDAwMDAwMDAsImRlbGV0ZSI6MzAwMDAwMDAwMDAwLCJ1cGRhdGUiOjEyMDAwMDAwMDAwMH19",
          "dependencies": [
            "module.network.aws_vpc.main-vpc"
          ]
        }
      ]
    },
    {
      "module": "module.network",
      "mode": "managed",
      "type": "aws_route_table",
      "name": "public",
      "provider": "provider[\"registry.terraform.io/hashicorp/aws\"]",
      "instances": [
        {
          "schema_version": 0,
          "attributes": {
            "arn": "arn:aws:ec2:us-east-1:051826693434:route-table/rtb-085faf943f6ccd16b",
            "id": "rtb-085faf943f6ccd16b",
            "owner_id": "051826693434",
            "propagating_vgws": [],
            "route": [
              {
                "carrier_gateway_id": "",
                "cidr_block": "0.0.0.0/0",
                "core_network_arn": "",
                "destination_prefix_list_id": "",
                "egress_only_gateway_id": "",
                "gateway_id": "igw-0d7ed23927a43135d",
                "ipv6_cidr_block": "",
                "local_gateway_id": "",
                "nat_gateway_id": "",
                "network_interface_id": "",
                "transit_gateway_id": "",
                "vpc_endpoint_id": "",
                "vpc_peering_connection_id": ""
              }
            ],
            "tags": {
              "Name": "public-route-table"
            },
            "tags_all": {
              "Name": "public-route-table"
            },
            "timeouts": null,
            "vpc_id": "vpc-05703554810fae967"
          },
          "sensitive_attributes": [],
          "private": "eyJlMmJmYjczMC1lY2FhLTExZTYtOGY4OC0zNDM2M2JjN2M0YzAiOnsiY3JlYXRlIjozMDAwMDAwMDAwMDAsImRlbGV0ZSI6MzAwMDAwMDAwMDAwLCJ1cGRhdGUiOjEyMDAwMDAwMDAwMH19",
          "dependencies": [
            "module.network.aws_internet_gateway.igw",
            "module.network.aws_vpc.main-vpc"
          ]
        }
      ]
    },
    {
      "module": "module.network",
      "mode": "managed",
      "type": "aws_route_table_association",
      "name": "private",
      "provider": "provider[\"registry.terraform.io/hashicorp/aws\"]",
      "instances": [
        {
          "index_key": 0,
          "schema_version": 0,
          "attributes": {
            "gateway_id": "",
            "id": "rtbassoc-0fc2e1c9e68069303",
            "route_table_id": "rtb-0d01ecb9d8c65268e",
            "subnet_id": "subnet-0287811034f583bf4",
            "timeouts": null
          },
          "sensitive_attributes": [],
          "private": "eyJlMmJmYjczMC1lY2FhLTExZTYtOGY4OC0zNDM2M2JjN2M0YzAiOnsiY3JlYXRlIjozMDAwMDAwMDAwMDAsImRlbGV0ZSI6MzAwMDAwMDAwMDAwLCJ1cGRhdGUiOjEyMDAwMDAwMDAwMH19",
          "dependencies": [
            "module.network.aws_route_table.private",
            "module.network.aws_subnet.private",
            "module.network.aws_vpc.main-vpc"
          ]
        },
        {
          "index_key": 1,
          "schema_version": 0,
          "attributes": {
            "gateway_id": "",
            "id": "rtbassoc-045eea9a91c92b20a",
            "route_table_id": "rtb-0d01ecb9d8c65268e",
            "subnet_id": "subnet-047f4f72379649ccc",
            "timeouts": null
          },
          "sensitive_attributes": [],
          "private": "eyJlMmJmYjczMC1lY2FhLTExZTYtOGY4OC0zNDM2M2JjN2M0YzAiOnsiY3JlYXRlIjozMDAwMDAwMDAwMDAsImRlbGV0ZSI6MzAwMDAwMDAwMDAwLCJ1cGRhdGUiOjEyMDAwMDAwMDAwMH19",
          "dependencies": [
            "module.network.aws_route_table.private",
            "module.network.aws_subnet.private",
            "module.network.aws_vpc.main-vpc"
          ]
        }
      ]
    },
    {
      "module": "module.network",
      "mode": "managed",
      "type": "aws_route_table_association",
      "name": "public",
      "provider": "provider[\"registry.terraform.io/hashicorp/aws\"]",
      "instances": [
        {
          "index_key": 0,
          "schema_version": 0,
          "attributes": {
            "gateway_id": "",
            "id": "rtbassoc-017a63b0c6dc8ea92",
            "route_table_id": "rtb-085faf943f6ccd16b",
            "subnet_id": "subnet-03a0882144180e184",
            "timeouts": null
          },
          "sensitive_attributes": [],
          "private": "eyJlMmJmYjczMC1lY2FhLTExZTYtOGY4OC0zNDM2M2JjN2M0YzAiOnsiY3JlYXRlIjozMDAwMDAwMDAwMDAsImRlbGV0ZSI6MzAwMDAwMDAwMDAwLCJ1cGRhdGUiOjEyMDAwMDAwMDAwMH19",
          "dependencies": [
            "module.network.aws_internet_gateway.igw",
            "module.network.aws_route_table.public",
            "module.network.aws_subnet.public",
            "module.network.aws_vpc.main-vpc"
          ]
        },
        {
          "index_key": 1,
          "schema_version": 0,
          "attributes": {
            "gateway_id": "",
            "id": "rtbassoc-001ed177ff3116373",
            "route_table_id": "rtb-085faf943f6ccd16b",
            "subnet_id": "subnet-0a4525601943ac070",
            "timeouts": null
          },
          "sensitive_attributes": [],
          "private": "eyJlMmJmYjczMC1lY2FhLTExZTYtOGY4OC0zNDM2M2JjN2M0YzAiOnsiY3JlYXRlIjozMDAwMDAwMDAwMDAsImRlbGV0ZSI6MzAwMDAwMDAwMDAwLCJ1cGRhdGUiOjEyMDAwMDAwMDAwMH19",
          "dependencies": [
            "module.network.aws_internet_gateway.igw",
            "module.network.aws_route_table.public",
            "module.network.aws_subnet.public",
            "module.network.aws_vpc.main-vpc"
          ]
        }
      ]
    },
    {
      "module": "module.network",
      "mode": "managed",
      "type": "aws_subnet",
      "name": "private",
      "provider": "provider[\"registry.terraform.io/hashicorp/aws\"]",
      "instances": [
        {
          "index_key": 0,
          "schema_version": 1,
          "attributes": {
            "arn": "arn:aws:ec2:us-east-1:051826693434:subnet/subnet-0287811034f583bf4",
            "assign_ipv6_address_on_creation": false,
            "availability_zone": "us-east-1a",
            "availability_zone_id": "use1-az6",
            "cidr_block": "10.0.2.0/24",
            "customer_owned_ipv4_pool": "",
            "enable_dns64": false,
            "enable_lni_at_device_index": 0,
            "enable_resource_name_dns_a_record_on_launch": false,
            "enable_resource_name_dns_aaaa_record_on_launch": false,
            "id": "subnet-0287811034f583bf4",
            "ipv6_cidr_block": "",
            "ipv6_cidr_block_association_id": "",
            "ipv6_native": false,
            "map_customer_owned_ip_on_launch": false,
            "map_public_ip_on_launch": false,
            "outpost_arn": "",
            "owner_id": "051826693434",
            "private_dns_hostname_type_on_launch": "ip-name",
            "tags": {
              "Name": "private-0"
            },
            "tags_all": {
              "Name": "private-0"
            },
            "timeouts": null,
            "vpc_id": "vpc-05703554810fae967"
          },
          "sensitive_attributes": [],
          "private": "eyJlMmJmYjczMC1lY2FhLTExZTYtOGY4OC0zNDM2M2JjN2M0YzAiOnsiY3JlYXRlIjo2MDAwMDAwMDAwMDAsImRlbGV0ZSI6MTIwMDAwMDAwMDAwMH0sInNjaGVtYV92ZXJzaW9uIjoiMSJ9",
          "dependencies": [
            "module.network.aws_vpc.main-vpc"
          ]
        },
        {
          "index_key": 1,
          "schema_version": 1,
          "attributes": {
            "arn": "arn:aws:ec2:us-east-1:051826693434:subnet/subnet-047f4f72379649ccc",
            "assign_ipv6_address_on_creation": false,
            "availability_zone": "us-east-1b",
            "availability_zone_id": "use1-az1",
            "cidr_block": "10.0.3.0/24",
            "customer_owned_ipv4_pool": "",
            "enable_dns64": false,
            "enable_lni_at_device_index": 0,
            "enable_resource_name_dns_a_record_on_launch": false,
            "enable_resource_name_dns_aaaa_record_on_launch": false,
            "id": "subnet-047f4f72379649ccc",
            "ipv6_cidr_block": "",
            "ipv6_cidr_block_association_id": "",
            "ipv6_native": false,
            "map_customer_owned_ip_on_launch": false,
            "map_public_ip_on_launch": false,
            "outpost_arn": "",
            "owner_id": "051826693434",
            "private_dns_hostname_type_on_launch": "ip-name",
            "tags": {
              "Name": "private-1"
            },
            "tags_all": {
              "Name": "private-1"
            },
            "timeouts": null,
            "vpc_id": "vpc-05703554810fae967"
          },
          "sensitive_attributes": [],
          "private": "eyJlMmJmYjczMC1lY2FhLTExZTYtOGY4OC0zNDM2M2JjN2M0YzAiOnsiY3JlYXRlIjo2MDAwMDAwMDAwMDAsImRlbGV0ZSI6MTIwMDAwMDAwMDAwMH0sInNjaGVtYV92ZXJzaW9uIjoiMSJ9",
          "dependencies": [
            "module.network.aws_vpc.main-vpc"
          ]
        }
      ]
    },
    {
      "module": "module.network",
      "mode": "managed",
      "type": "aws_subnet",
      "name": "public",
      "provider": "provider[\"registry.terraform.io/hashicorp/aws\"]",
      "instances": [
        {
          "index_key": 0,
          "schema_version": 1,
          "attributes": {
            "arn": "arn:aws:ec2:us-east-1:051826693434:subnet/subnet-03a0882144180e184",
            "assign_ipv6_address_on_creation": false,
            "availability_zone": "us-east-1a",
            "availability_zone_id": "use1-az6",
            "cidr_block": "10.0.0.0/24",
            "customer_owned_ipv4_pool": "",
            "enable_dns64": false,
            "enable_lni_at_device_index": 0,
            "enable_resource_name_dns_a_record_on_launch": false,
            "enable_resource_name_dns_aaaa_record_on_launch": false,
            "id": "subnet-03a0882144180e184",
            "ipv6_cidr_block": "",
            "ipv6_cidr_block_association_id": "",
            "ipv6_native": false,
            "map_customer_owned_ip_on_launch": false,
            "map_public_ip_on_launch": false,
            "outpost_arn": "",
            "owner_id": "051826693434",
            "private_dns_hostname_type_on_launch": "ip-name",
            "tags": {
              "Name": "public-0"
            },
            "tags_all": {
              "Name": "public-0"
            },
            "timeouts": null,
            "vpc_id": "vpc-05703554810fae967"
          },
          "sensitive_attributes": [],
          "private": "eyJlMmJmYjczMC1lY2FhLTExZTYtOGY4OC0zNDM2M2JjN2M0YzAiOnsiY3JlYXRlIjo2MDAwMDAwMDAwMDAsImRlbGV0ZSI6MTIwMDAwMDAwMDAwMH0sInNjaGVtYV92ZXJzaW9uIjoiMSJ9",
          "dependencies": [
            "module.network.aws_vpc.main-vpc"
          ]
        },
        {
          "index_key": 1,
          "schema_version": 1,
          "attributes": {
            "arn": "arn:aws:ec2:us-east-1:051826693434:subnet/subnet-0a4525601943ac070",
            "assign_ipv6_address_on_creation": false,
            "availability_zone": "us-east-1b",
            "availability_zone_id": "use1-az1",
            "cidr_block": "10.0.1.0/24",
            "customer_owned_ipv4_pool": "",
            "enable_dns64": false,
            "enable_lni_at_device_index": 0,
            "enable_resource_name_dns_a_record_on_launch": false,
            "enable_resource_name_dns_aaaa_record_on_launch": false,
            "id": "subnet-0a4525601943ac070",
            "ipv6_cidr_block": "",
            "ipv6_cidr_block_association_id": "",
            "ipv6_native": false,
            "map_customer_owned_ip_on_launch": false,
            "map_public_ip_on_launch": false,
            "outpost_arn": "",
            "owner_id": "051826693434",
            "private_dns_hostname_type_on_launch": "ip-name",
            "tags": {
              "Name": "public-1"
            },
            "tags_all": {
              "Name": "public-1"
            },
            "timeouts": null,
            "vpc_id": "vpc-05703554810fae967"
          },
          "sensitive_attributes": [],
          "private": "eyJlMmJmYjczMC1lY2FhLTExZTYtOGY4OC0zNDM2M2JjN2M0YzAiOnsiY3JlYXRlIjo2MDAwMDAwMDAwMDAsImRlbGV0ZSI6MTIwMDAwMDAwMDAwMH0sInNjaGVtYV92ZXJzaW9uIjoiMSJ9",
          "dependencies": [
            "module.network.aws_vpc.main-vpc"
          ]
        }
      ]
    },
    {
      "module": "module.network",
      "mode": "managed",
      "type": "aws_vpc",
      "name": "main-vpc",
      "provider": "provider[\"registry.terraform.io/hashicorp/aws\"]",
      "instances": [
        {
          "schema_version": 1,
          "attributes": {
            "arn": "arn:aws:ec2:us-east-1:051826693434:vpc/vpc-05703554810fae967",
            "assign_generated_ipv6_cidr_block": false,
            "cidr_block": "10.0.0.0/16",
            "default_network_acl_id": "acl-0b14ecbbcd666c5bc",
            "default_route_table_id": "rtb-007b4c25c022cbf1a",
            "default_security_group_id": "sg-062c4d4b7a4fef849",
            "dhcp_options_id": "dopt-038a46731da7eb46e",
            "enable_dns_hostnames": false,
            "enable_dns_support": true,
            "enable_network_address_usage_metrics": false,
            "id": "vpc-05703554810fae967",
            "instance_tenancy": "default",
            "ipv4_ipam_pool_id": null,
            "ipv4_netmask_length": null,
            "ipv6_association_id": "",
            "ipv6_cidr_block": "",
            "ipv6_cidr_block_network_border_group": "",
            "ipv6_ipam_pool_id": "",
            "ipv6_netmask_length": 0,
            "main_route_table_id": "rtb-007b4c25c022cbf1a",
            "owner_id": "051826693434",
            "tags": {
              "Name": "main-vpc"
            },
            "tags_all": {
              "Name": "main-vpc"
            }
          },
          "sensitive_attributes": [],
          "private": "eyJzY2hlbWFfdmVyc2lvbiI6IjEifQ=="
        }
      ]
    },
    {
      "module": "module.security",
      "mode": "managed",
      "type": "aws_key_pair",
      "name": "generated_key",
      "provider": "provider[\"registry.terraform.io/hashicorp/aws\"]",
      "instances": [
        {
          "schema_version": 1,
          "attributes": {
            "arn": "arn:aws:ec2:us-east-1:051826693434:key-pair/ssh-key-pair",
            "fingerprint": "54:94:3a:b6:18:17:79:53:82:b0:95:e3:27:1d:26:65",
            "id": "ssh-key-pair",
            "key_name": "ssh-key-pair",
            "key_name_prefix": "",
            "key_pair_id": "key-0bc292c1949090051",
            "key_type": "rsa",
            "public_key": "ssh-rsa AAAAB3NzaC1yc2EAAAADAQABAAACAQDWBPcLupno9U+8E3h5BP/ewwbYcgK2xQpRSOUq9AVSLKM+nzB5mrGa/ZsUtfMXQoadJYns/id/vL23OKjxxVmwoq9PwYlMXkvcpKRFjqNKEiZqQ4y2nuRzYJ1ZgIDZw/temdAWKJxnwtHe2TKLRTmRY7OiyHApsVn+BJXb3jMR/ql+REJpmUo773YES0+DOPZTADZqTqNOp3TpXe99H9l5Ggp9/TiBSM6IOLHv4irzhAh8qw0WhfOwlC6HatZgmCp7dViFd0wwR+vLrUC4NOPIJ3+mftyQGUpoUXv2W3FO4szq+5PzRrjyhtxbShH2hmxv7v4Dv+G5Pt+OI5XkEC4m1+7d/nDGRChmw+sRSW5ug6jSxwVdHGgFbla/Om3I2fuL9Nok83g5/7Z1wDyfqiK9uJUKbOrSBN+lYK9W4YA9XqK/he3+8nfg6eSdKSqiSsKhAPL7+0DwxYbV7SwRxkUinPKlQhV1+A9gYaj5IupotQOWqJBRfYKITUJ8FuqXFrZ4I9TaItWn9QH6gT8IABbycPr5GpZkOlZAyYLCvEFcrEK0ewPM3g2MS2nfkPm6RsAnllYCYVZ1UUEvo3HbouzlOjNp8EovkXMEjaLrkG/1eZWAaMjXDCWdpdKEIT/QFim9ZKzol5b8wYOdCKZiJq416kXhOwmfLphlLBPKyZiWzQ==",
            "tags": {},
            "tags_all": {}
          },
          "sensitive_attributes": [],
          "private": "eyJzY2hlbWFfdmVyc2lvbiI6IjEifQ==",
          "dependencies": [
            "module.security.tls_private_key.ssh-key"
          ]
        }
      ]
    },
    {
      "module": "module.security",
      "mode": "managed",
      "type": "aws_security_group",
      "name": "this",
      "provider": "provider[\"registry.terraform.io/hashicorp/aws\"]",
      "instances": [
        {
          "schema_version": 1,
          "attributes": {
            "arn": "arn:aws:ec2:us-east-1:051826693434:security-group/sg-09326775e96ddbb67",
            "description": "Security group for allow_ssh_http",
            "egress": [
              {
                "cidr_blocks": [
                  "0.0.0.0/0"
                ],
                "description": "",
                "from_port": 0,
                "ipv6_cidr_blocks": [],
                "prefix_list_ids": [],
                "protocol": "-1",
                "security_groups": [],
                "self": false,
                "to_port": 0
              }
            ],
            "id": "sg-09326775e96ddbb67",
            "ingress": [
              {
                "cidr_blocks": [
                  "0.0.0.0/0"
                ],
                "description": "",
                "from_port": 22,
                "ipv6_cidr_blocks": [],
                "prefix_list_ids": [],
                "protocol": "tcp",
                "security_groups": [],
                "self": false,
                "to_port": 22
              },
              {
                "cidr_blocks": [
                  "0.0.0.0/0"
                ],
                "description": "",
                "from_port": 80,
                "ipv6_cidr_blocks": [],
                "prefix_list_ids": [],
                "protocol": "tcp",
                "security_groups": [],
                "self": false,
                "to_port": 80
              }
            ],
            "name": "allow_ssh_http",
            "name_prefix": "",
            "owner_id": "051826693434",
            "revoke_rules_on_delete": false,
            "tags": {
              "Name": "allow_ssh_http"
            },
            "tags_all": {
              "Name": "allow_ssh_http"
            },
            "timeouts": null,
            "vpc_id": "vpc-05703554810fae967"
          },
          "sensitive_attributes": [],
          "private": "eyJlMmJmYjczMC1lY2FhLTExZTYtOGY4OC0zNDM2M2JjN2M0YzAiOnsiY3JlYXRlIjo2MDAwMDAwMDAwMDAsImRlbGV0ZSI6OTAwMDAwMDAwMDAwfSwic2NoZW1hX3ZlcnNpb24iOiIxIn0=",
          "dependencies": [
            "module.network.aws_vpc.main-vpc"
          ]
        }
      ]
    },
    {
      "module": "module.security",
      "mode": "managed",
      "type": "tls_private_key",
      "name": "ssh-key",
      "provider": "provider[\"registry.terraform.io/hashicorp/tls\"]",
      "instances": [
        {
          "schema_version": 1,
          "attributes": {
            "algorithm": "RSA",
            "ecdsa_curve": "P224",
            "id": "51ea93a7c035369362bf18b8f24e783044e8038b",
            "private_key_openssh": "-----BEGIN OPENSSH PRIVATE KEY-----\nb3BlbnNzaC1rZXktdjEAAAAABG5vbmUAAAAEbm9uZQAAAAAAAAABAAACFwAAAAdz\nc2gtcnNhAAAAAwEAAQAAAgEA1gT3C7qZ6PVPvBN4eQT/3sMG2HICtsUKUUjlKvQF\nUiyjPp8weZqxmv2bFLXzF0KGnSWJ7P4nf7y9tzio8cVZsKKvT8GJTF5L3KSkRY6j\nShImakOMtp7kc2CdWYCA2cP7XpnQFiicZ8LR3tkyi0U5kWOzoshwKbFZ/gSV294z\nEf6pfkRCaZlKO+92BEtPgzj2UwA2ak6jTqd06V3vfR/ZeRoKff04gUjOiDix7+Iq\n84QIfKsNFoXzsJQuh2rWYJgqe3VYhXdMMEfry61AuDTjyCd/pn7ckBlKaFF79ltx\nTuLM6vuT80a48obcW0oR9oZsb+7+A7/huT7fjiOV5BAuJtfu3f5wxkQoZsPrEUlu\nboOo0scFXRxoBW5WvzptyNn7i/TaJPN4Of+2dcA8n6oivbiVCmzq0gTfpWCvVuGA\nPV6iv4Xt/vJ34OnknSkqokrCoQDy+/tA8MWG1e0sEcZFIpzypUIVdfgPYGGo+SLq\naLUDlqiQUX2CiE1CfBbqlxa2eCPU2iLVp/UB+oE/CAAW8nD6+RqWZDpWQMmCwrxB\nXKxCtHsDzN4NjEtp35D5ukbAJ5ZWAmFWdVFBL6Nx26Ls5TozafBKL5FzBI2i65Bv\n9XmVgGjI1wwlnaXShCE/0BYpvWSs6JeW/MGDnQimYiauNepF4TsJny6YZSwTysmY\nls0AAAc4pdTQF6XU0BcAAAAHc3NoLXJzYQAAAgEA1gT3C7qZ6PVPvBN4eQT/3sMG\n2HICtsUKUUjlKvQFUiyjPp8weZqxmv2bFLXzF0KGnSWJ7P4nf7y9tzio8cVZsKKv\nT8GJTF5L3KSkRY6jShImakOMtp7kc2CdWYCA2cP7XpnQFiicZ8LR3tkyi0U5kWOz\noshwKbFZ/gSV294zEf6pfkRCaZlKO+92BEtPgzj2UwA2ak6jTqd06V3vfR/ZeRoK\nff04gUjOiDix7+Iq84QIfKsNFoXzsJQuh2rWYJgqe3VYhXdMMEfry61AuDTjyCd/\npn7ckBlKaFF79ltxTuLM6vuT80a48obcW0oR9oZsb+7+A7/huT7fjiOV5BAuJtfu\n3f5wxkQoZsPrEUluboOo0scFXRxoBW5WvzptyNn7i/TaJPN4Of+2dcA8n6oivbiV\nCmzq0gTfpWCvVuGAPV6iv4Xt/vJ34OnknSkqokrCoQDy+/tA8MWG1e0sEcZFIpzy\npUIVdfgPYGGo+SLqaLUDlqiQUX2CiE1CfBbqlxa2eCPU2iLVp/UB+oE/CAAW8nD6\n+RqWZDpWQMmCwrxBXKxCtHsDzN4NjEtp35D5ukbAJ5ZWAmFWdVFBL6Nx26Ls5Toz\nafBKL5FzBI2i65Bv9XmVgGjI1wwlnaXShCE/0BYpvWSs6JeW/MGDnQimYiauNepF\n4TsJny6YZSwTysmYls0AAAADAQABAAACAQCVqecxFo7m8BWQSnVm++4K04uH9UKc\nmXI7oaRQw1CtRHXsJtp5T4p//nViqFKUo3sLjeLEDn+EvnJVHJRYbk/oS/wY5Bil\nhRO7+o697Z+W/tZKXW6bjsXnQVsH6esxXfH9F8cCl+e4T+7/zhegeQpm97f5T/3P\nyixKjN5XYS2JmfLhT865le7ptu1q11eFRmJLbMygztk4+bWyNHRzpcApBeLsdBX9\novJ7JFqajCjJHj3pIJ0IcSgXBaj8HeRIrGCY8Vi0DNcEtGbaig/GQYZAxA5qWjDX\nvDfid4keoJe+OLBgawntiDlxsImMdWHWae6O4CxWZurs5mDjP1Nkp0P9sobqyfnn\nqprKevY/0y23Fai/pmzSVxkVzaPeT2Zk4Z8wtIn/ANMw0r0Ui/d67cTKybzbhUz+\n3e7F06S7gMoVdXc/sW98yUKDShos7QofOCLcn4FpyQKnmCrpiR9A6EvoWmxKL0NJ\nLy3tQ3Og6F+EuJwwY1FKONURZ2fbrykqJoyCYKdvrIPCH27TdjZl8M5oXxNc1l6O\n92/NKYXWWkPgjyZYNwkPfK9al8NtmAx5bOAvDD4hyCgYBrDdWhV0Vz7YahMQUpwr\niOXECU3PLCKGPIcHsB96GEaxs3/qzB2eNz1nNHalgEn64e7PNjmhDqP7nESMpL5x\nFh8n7qUwtmkXKQAAAQBWrHefcWavPRS6SXWNeZ3v4lRCFjqh2H38P3GFFKPSlaRq\nnFkb8xKklr+9DBS72zvrbXupGzTHnJGd4sw/sBBUa0piVWdi2vMr0X4XBHeHXqjO\n0KarxzPVQAryDOiGZ52JUq27ZwzrY/s5ZAYz8VRO5MwiUe/uGkApiFMS/3tOcRkG\nPzgGDdSabW5WFnC9pf4OxlngeDi33X6CfKhKleM7j5+svW4DkbWJtXxzZIHOhozR\nFKbhwTv/Sriux0gGHdP/ZZg/hNByEQqVLJdGapzQD6Hjp4G9iIzKAnNwBAmD/oAX\nS+8faT3rIgyfpfClaFgBtPkCypvBhZSX6C7qRcBxAAABAQDpdtwDfxCxu7U9a2dW\nL0VuN6/FSBr0LgaRawG7bemif4HLT6rH4R50qfYLOdairzqEpMoSJrbK7MAmckIS\nOYMRLJTuY6AEn2elfK6455VH3WwQMdbCPxdRLeGeVRWuRhA1F3EfC+P/W2OHXLJM\nXnpLSA5dnGpyT3rDUYlq3Ji0DtUp9vI99BoHWtRB0Ht3SopRkaoXeAHqZgqlJUsG\niiTmlZc2pHW/AS5ZMS6mzKhBZOYpZJprs6oGflV9lpfpPctck1ujQVCPr7IazAOC\nc08pr5OUab//kwrwOSXYPiKW7CI6kYyOHrIlGuv2uFhb6nbx5WSctA8WLDUtfeI4\nwocDAAABAQDqrZowobAvMd5H2tIaw3/NWgx0qP/0NtcQtCCuxuq8FM+oUE8CY0uM\nZrExI8U2ay+8agnYypXDh9O1OZbcw0qCeoct6p0semp48DtZWqIErq8/FEc0Zuqn\ngtmVw78y/m51dbdifud/5aS+rS2fnOUg693qZbj7aBVvQY6XEcYJbC/M3kAVezIO\nfhPAtjb2owrdMrOmBzH7wU8rpLuT1KDet9qZA3BWV/hVR+7R93AaA+HINZkf6RAv\nBEu8lLObMJJv3bAi5GUHL2c7slxxIzwV4zKw6sTTnV12v8ZnyyKx3KIRwNuLuVDE\nXzYvvhIloS3kkYxDSjDl5D0OKfLS2dnvAAAAAAEC\n-----END OPENSSH PRIVATE KEY-----\n",
            "private_key_pem": "-----BEGIN RSA PRIVATE KEY-----\nMIIJKAIBAAKCAgEA1gT3C7qZ6PVPvBN4eQT/3sMG2HICtsUKUUjlKvQFUiyjPp8w\neZqxmv2bFLXzF0KGnSWJ7P4nf7y9tzio8cVZsKKvT8GJTF5L3KSkRY6jShImakOM\ntp7kc2CdWYCA2cP7XpnQFiicZ8LR3tkyi0U5kWOzoshwKbFZ/gSV294zEf6pfkRC\naZlKO+92BEtPgzj2UwA2ak6jTqd06V3vfR/ZeRoKff04gUjOiDix7+Iq84QIfKsN\nFoXzsJQuh2rWYJgqe3VYhXdMMEfry61AuDTjyCd/pn7ckBlKaFF79ltxTuLM6vuT\n80a48obcW0oR9oZsb+7+A7/huT7fjiOV5BAuJtfu3f5wxkQoZsPrEUluboOo0scF\nXRxoBW5WvzptyNn7i/TaJPN4Of+2dcA8n6oivbiVCmzq0gTfpWCvVuGAPV6iv4Xt\n/vJ34OnknSkqokrCoQDy+/tA8MWG1e0sEcZFIpzypUIVdfgPYGGo+SLqaLUDlqiQ\nUX2CiE1CfBbqlxa2eCPU2iLVp/UB+oE/CAAW8nD6+RqWZDpWQMmCwrxBXKxCtHsD\nzN4NjEtp35D5ukbAJ5ZWAmFWdVFBL6Nx26Ls5TozafBKL5FzBI2i65Bv9XmVgGjI\n1wwlnaXShCE/0BYpvWSs6JeW/MGDnQimYiauNepF4TsJny6YZSwTysmYls0CAwEA\nAQKCAgEAlannMRaO5vAVkEp1ZvvuCtOLh/VCnJlyO6GkUMNQrUR17CbaeU+Kf/51\nYqhSlKN7C43ixA5/hL5yVRyUWG5P6Ev8GOQYpYUTu/qOve2flv7WSl1um47F50Fb\nB+nrMV3x/RfHApfnuE/u/84XoHkKZve3+U/9z8osSozeV2EtiZny4U/OuZXu6bbt\natdXhUZiS2zMoM7ZOPm1sjR0c6XAKQXi7HQV/aLyeyRamowoyR496SCdCHEoFwWo\n/B3kSKxgmPFYtAzXBLRm2ooPxkGGQMQOalow17w34neJHqCXvjiwYGsJ7Yg5cbCJ\njHVh1mnujuAsVmbq7OZg4z9TZKdD/bKG6sn556qaynr2P9MttxWov6Zs0lcZFc2j\n3k9mZOGfMLSJ/wDTMNK9FIv3eu3Eysm824VM/t3uxdOku4DKFXV3P7FvfMlCg0oa\nLO0KHzgi3J+BackCp5gq6YkfQOhL6FpsSi9DSS8t7UNzoOhfhLicMGNRSjjVEWdn\n268pKiaMgmCnb6yDwh9u03Y2ZfDOaF8TXNZejvdvzSmF1lpD4I8mWDcJD3yvWpfD\nbZgMeWzgLww+IcgoGAaw3VoVdFc+2GoTEFKcK4jlxAlNzywihjyHB7AfehhGsbN/\n6swdnjc9ZzR2pYBJ+uHuzzY5oQ6j+5xEjKS+cRYfJ+6lMLZpFykCggEBAOl23AN/\nELG7tT1rZ1YvRW43r8VIGvQuBpFrAbtt6aJ/gctPqsfhHnSp9gs51qKvOoSkyhIm\ntsrswCZyQhI5gxEslO5joASfZ6V8rrjnlUfdbBAx1sI/F1Et4Z5VFa5GEDUXcR8L\n4/9bY4dcskxeektIDl2canJPesNRiWrcmLQO1Sn28j30Ggda1EHQe3dKilGRqhd4\nAepmCqUlSwaKJOaVlzakdb8BLlkxLqbMqEFk5ilkmmuzqgZ+VX2Wl+k9y1yTW6NB\nUI+vshrMA4JzTymvk5Rpv/+TCvA5Jdg+IpbsIjqRjI4esiUa6/a4WFvqdvHlZJy0\nDxYsNS194jjChwMCggEBAOqtmjChsC8x3kfa0hrDf81aDHSo//Q21xC0IK7G6rwU\nz6hQTwJjS4xmsTEjxTZrL7xqCdjKlcOH07U5ltzDSoJ6hy3qnSx6anjwO1laogSu\nrz8URzRm6qeC2ZXDvzL+bnV1t2J+53/lpL6tLZ+c5SDr3epluPtoFW9BjpcRxgls\nL8zeQBV7Mg5+E8C2NvajCt0ys6YHMfvBTyuku5PUoN632pkDcFZX+FVH7tH3cBoD\n4cg1mR/pEC8ES7yUs5swkm/dsCLkZQcvZzuyXHEjPBXjMrDqxNOdXXa/xmfLIrHc\nohHA24u5UMRfNi++EiWhLeSRjENKMOXkPQ4p8tLZ2e8CggEAeNZ1gDXHbUbrwxOR\nU/F5rVeTWbg9gz9DVQceyWVVdS8r/hCJI5WojtfdqufP6TprPnaQxJ5XJGcv+XZQ\nLmCoLz51A4J7M4lSOzxyru/mu2Cm6ybwsm+3YOQvkCUX6LEI+IHeoiQkaWpi9JAN\nFSwdflOYY+luyyXKM8hDKRVu0FuRB3xy25A53K6tiDchgJgLSbbsY+NQkoMoZVwN\nHiBogxTQRI8RBsDUvYOQUvNA70ALRUd2CeLfUScYlr1YeXfrh0oaN0C6MvTMacRI\n2L9YLQpch4fIwb7Y/YeGyAs5Gga0nL3zEyheKohps7Ssvz53PDLwRY+I84AEMjyi\n16AQAwKCAQAIgv1psCOcwplGT+h48ghLoW18Obj22ZpZT78zt6FB6xtRBoCnHITb\n9cmNd7eqbp7PnaT3yPk/m0iRdSJEpYypSNpoTu8ect4zvrrYVdI0i0Vt60Vd4DG4\nm6VaqjvgFJxbBEb/eozY9bJQ/CUAegdRd1yYKNJZw/+rBlyunAVryBG/w3vdi5dY\nMTh0L+e0cFtvhGxBpFcqw2sksRfgl8Cx80cpb5d+ejhWl4JQ+UGGoAdrZI5GOwTM\nP8Kjd11ATrWw+wBtc406gnyjDKgPrnB6dsAa7Jjw9+8w5GnEz/hVLSRvsmgEHFeS\nl8V2W9V6qerpNGI6+pDlda7FOb5F6YLfAoIBAFasd59xZq89FLpJdY15ne/iVEIW\nOqHYffw/cYUUo9KVpGqcWRvzEqSWv70MFLvbO+tte6kbNMeckZ3izD+wEFRrSmJV\nZ2La8yvRfhcEd4deqM7QpqvHM9VACvIM6IZnnYlSrbtnDOtj+zlkBjPxVE7kzCJR\n7+4aQCmIUxL/e05xGQY/OAYN1JptblYWcL2l/g7GWeB4OLfdfoJ8qEqV4zuPn6y9\nbgORtYm1fHNkgc6GjNEUpuHBO/9KuK7HSAYd0/9lmD+E0HIRCpUsl0ZqnNAPoeOn\ngb2IjMoCc3AECYP+gBdL7x9pPesiDJ+l8KVoWAG0+QLKm8GFlJfoLupFwHE=\n-----END RSA PRIVATE KEY-----\n",
            "private_key_pem_pkcs8": "-----BEGIN PRIVATE KEY-----\nMIIJQgIBADANBgkqhkiG9w0BAQEFAASCCSwwggkoAgEAAoICAQDWBPcLupno9U+8\nE3h5BP/ewwbYcgK2xQpRSOUq9AVSLKM+nzB5mrGa/ZsUtfMXQoadJYns/id/vL23\nOKjxxVmwoq9PwYlMXkvcpKRFjqNKEiZqQ4y2nuRzYJ1ZgIDZw/temdAWKJxnwtHe\n2TKLRTmRY7OiyHApsVn+BJXb3jMR/ql+REJpmUo773YES0+DOPZTADZqTqNOp3Tp\nXe99H9l5Ggp9/TiBSM6IOLHv4irzhAh8qw0WhfOwlC6HatZgmCp7dViFd0wwR+vL\nrUC4NOPIJ3+mftyQGUpoUXv2W3FO4szq+5PzRrjyhtxbShH2hmxv7v4Dv+G5Pt+O\nI5XkEC4m1+7d/nDGRChmw+sRSW5ug6jSxwVdHGgFbla/Om3I2fuL9Nok83g5/7Z1\nwDyfqiK9uJUKbOrSBN+lYK9W4YA9XqK/he3+8nfg6eSdKSqiSsKhAPL7+0DwxYbV\n7SwRxkUinPKlQhV1+A9gYaj5IupotQOWqJBRfYKITUJ8FuqXFrZ4I9TaItWn9QH6\ngT8IABbycPr5GpZkOlZAyYLCvEFcrEK0ewPM3g2MS2nfkPm6RsAnllYCYVZ1UUEv\no3HbouzlOjNp8EovkXMEjaLrkG/1eZWAaMjXDCWdpdKEIT/QFim9ZKzol5b8wYOd\nCKZiJq416kXhOwmfLphlLBPKyZiWzQIDAQABAoICAQCVqecxFo7m8BWQSnVm++4K\n04uH9UKcmXI7oaRQw1CtRHXsJtp5T4p//nViqFKUo3sLjeLEDn+EvnJVHJRYbk/o\nS/wY5BilhRO7+o697Z+W/tZKXW6bjsXnQVsH6esxXfH9F8cCl+e4T+7/zhegeQpm\n97f5T/3PyixKjN5XYS2JmfLhT865le7ptu1q11eFRmJLbMygztk4+bWyNHRzpcAp\nBeLsdBX9ovJ7JFqajCjJHj3pIJ0IcSgXBaj8HeRIrGCY8Vi0DNcEtGbaig/GQYZA\nxA5qWjDXvDfid4keoJe+OLBgawntiDlxsImMdWHWae6O4CxWZurs5mDjP1Nkp0P9\nsobqyfnnqprKevY/0y23Fai/pmzSVxkVzaPeT2Zk4Z8wtIn/ANMw0r0Ui/d67cTK\nybzbhUz+3e7F06S7gMoVdXc/sW98yUKDShos7QofOCLcn4FpyQKnmCrpiR9A6Evo\nWmxKL0NJLy3tQ3Og6F+EuJwwY1FKONURZ2fbrykqJoyCYKdvrIPCH27TdjZl8M5o\nXxNc1l6O92/NKYXWWkPgjyZYNwkPfK9al8NtmAx5bOAvDD4hyCgYBrDdWhV0Vz7Y\nahMQUpwriOXECU3PLCKGPIcHsB96GEaxs3/qzB2eNz1nNHalgEn64e7PNjmhDqP7\nnESMpL5xFh8n7qUwtmkXKQKCAQEA6XbcA38Qsbu1PWtnVi9FbjevxUga9C4GkWsB\nu23pon+By0+qx+EedKn2CznWoq86hKTKEia2yuzAJnJCEjmDESyU7mOgBJ9npXyu\nuOeVR91sEDHWwj8XUS3hnlUVrkYQNRdxHwvj/1tjh1yyTF56S0gOXZxqck96w1GJ\natyYtA7VKfbyPfQaB1rUQdB7d0qKUZGqF3gB6mYKpSVLBook5pWXNqR1vwEuWTEu\npsyoQWTmKWSaa7OqBn5VfZaX6T3LXJNbo0FQj6+yGswDgnNPKa+TlGm//5MK8Dkl\n2D4iluwiOpGMjh6yJRrr9rhYW+p28eVknLQPFiw1LX3iOMKHAwKCAQEA6q2aMKGw\nLzHeR9rSGsN/zVoMdKj/9DbXELQgrsbqvBTPqFBPAmNLjGaxMSPFNmsvvGoJ2MqV\nw4fTtTmW3MNKgnqHLeqdLHpqePA7WVqiBK6vPxRHNGbqp4LZlcO/Mv5udXW3Yn7n\nf+Wkvq0tn5zlIOvd6mW4+2gVb0GOlxHGCWwvzN5AFXsyDn4TwLY29qMK3TKzpgcx\n+8FPK6S7k9Sg3rfamQNwVlf4VUfu0fdwGgPhyDWZH+kQLwRLvJSzmzCSb92wIuRl\nBy9nO7JccSM8FeMysOrE051ddr/GZ8sisdyiEcDbi7lQxF82L74SJaEt5JGMQ0ow\n5eQ9Diny0tnZ7wKCAQB41nWANcdtRuvDE5FT8XmtV5NZuD2DP0NVBx7JZVV1Lyv+\nEIkjlaiO192q58/pOms+dpDEnlckZy/5dlAuYKgvPnUDgnsziVI7PHKu7+a7YKbr\nJvCyb7dg5C+QJRfosQj4gd6iJCRpamL0kA0VLB1+U5hj6W7LJcozyEMpFW7QW5EH\nfHLbkDncrq2INyGAmAtJtuxj41CSgyhlXA0eIGiDFNBEjxEGwNS9g5BS80DvQAtF\nR3YJ4t9RJxiWvVh5d+uHSho3QLoy9MxpxEjYv1gtClyHh8jBvtj9h4bICzkaBrSc\nvfMTKF4qiGmztKy/Pnc8MvBFj4jzgAQyPKLXoBADAoIBAAiC/WmwI5zCmUZP6Hjy\nCEuhbXw5uPbZmllPvzO3oUHrG1EGgKcchNv1yY13t6puns+dpPfI+T+bSJF1IkSl\njKlI2mhO7x5y3jO+uthV0jSLRW3rRV3gMbibpVqqO+AUnFsERv96jNj1slD8JQB6\nB1F3XJgo0lnD/6sGXK6cBWvIEb/De92Ll1gxOHQv57RwW2+EbEGkVyrDaySxF+CX\nwLHzRylvl356OFaXglD5QYagB2tkjkY7BMw/wqN3XUBOtbD7AG1zjTqCfKMMqA+u\ncHp2wBrsmPD37zDkacTP+FUtJG+yaAQcV5KXxXZb1Xqp6uk0Yjr6kOV1rsU5vkXp\ngt8CggEAVqx3n3Fmrz0Uukl1jXmd7+JUQhY6odh9/D9xhRSj0pWkapxZG/MSpJa/\nvQwUu9s76217qRs0x5yRneLMP7AQVGtKYlVnYtrzK9F+FwR3h16oztCmq8cz1UAK\n8gzohmediVKtu2cM62P7OWQGM/FUTuTMIlHv7hpAKYhTEv97TnEZBj84Bg3Umm1u\nVhZwvaX+DsZZ4Hg4t91+gnyoSpXjO4+frL1uA5G1ibV8c2SBzoaM0RSm4cE7/0q4\nrsdIBh3T/2WYP4TQchEKlSyXRmqc0A+h46eBvYiMygJzcAQJg/6AF0vvH2k96yIM\nn6XwpWhYAbT5AsqbwYWUl+gu6kXAcQ==\n-----END PRIVATE KEY-----\n",
            "public_key_fingerprint_md5": "09:d5:25:76:92:18:cf:ee:22:f0:9b:a3:c3:78:3d:5c",
            "public_key_fingerprint_sha256": "SHA256:YJppKCE2xIj+1CaIYVtIGkDeiAU8ViIfMi/qgGQalCw",
            "public_key_openssh": "ssh-rsa AAAAB3NzaC1yc2EAAAADAQABAAACAQDWBPcLupno9U+8E3h5BP/ewwbYcgK2xQpRSOUq9AVSLKM+nzB5mrGa/ZsUtfMXQoadJYns/id/vL23OKjxxVmwoq9PwYlMXkvcpKRFjqNKEiZqQ4y2nuRzYJ1ZgIDZw/temdAWKJxnwtHe2TKLRTmRY7OiyHApsVn+BJXb3jMR/ql+REJpmUo773YES0+DOPZTADZqTqNOp3TpXe99H9l5Ggp9/TiBSM6IOLHv4irzhAh8qw0WhfOwlC6HatZgmCp7dViFd0wwR+vLrUC4NOPIJ3+mftyQGUpoUXv2W3FO4szq+5PzRrjyhtxbShH2hmxv7v4Dv+G5Pt+OI5XkEC4m1+7d/nDGRChmw+sRSW5ug6jSxwVdHGgFbla/Om3I2fuL9Nok83g5/7Z1wDyfqiK9uJUKbOrSBN+lYK9W4YA9XqK/he3+8nfg6eSdKSqiSsKhAPL7+0DwxYbV7SwRxkUinPKlQhV1+A9gYaj5IupotQOWqJBRfYKITUJ8FuqXFrZ4I9TaItWn9QH6gT8IABbycPr5GpZkOlZAyYLCvEFcrEK0ewPM3g2MS2nfkPm6RsAnllYCYVZ1UUEvo3HbouzlOjNp8EovkXMEjaLrkG/1eZWAaMjXDCWdpdKEIT/QFim9ZKzol5b8wYOdCKZiJq416kXhOwmfLphlLBPKyZiWzQ==\n",
            "public_key_pem": "-----BEGIN PUBLIC KEY-----\nMIICIjANBgkqhkiG9w0BAQEFAAOCAg8AMIICCgKCAgEA1gT3C7qZ6PVPvBN4eQT/\n3sMG2HICtsUKUUjlKvQFUiyjPp8weZqxmv2bFLXzF0KGnSWJ7P4nf7y9tzio8cVZ\nsKKvT8GJTF5L3KSkRY6jShImakOMtp7kc2CdWYCA2cP7XpnQFiicZ8LR3tkyi0U5\nkWOzoshwKbFZ/gSV294zEf6pfkRCaZlKO+92BEtPgzj2UwA2ak6jTqd06V3vfR/Z\neRoKff04gUjOiDix7+Iq84QIfKsNFoXzsJQuh2rWYJgqe3VYhXdMMEfry61AuDTj\nyCd/pn7ckBlKaFF79ltxTuLM6vuT80a48obcW0oR9oZsb+7+A7/huT7fjiOV5BAu\nJtfu3f5wxkQoZsPrEUluboOo0scFXRxoBW5WvzptyNn7i/TaJPN4Of+2dcA8n6oi\nvbiVCmzq0gTfpWCvVuGAPV6iv4Xt/vJ34OnknSkqokrCoQDy+/tA8MWG1e0sEcZF\nIpzypUIVdfgPYGGo+SLqaLUDlqiQUX2CiE1CfBbqlxa2eCPU2iLVp/UB+oE/CAAW\n8nD6+RqWZDpWQMmCwrxBXKxCtHsDzN4NjEtp35D5ukbAJ5ZWAmFWdVFBL6Nx26Ls\n5TozafBKL5FzBI2i65Bv9XmVgGjI1wwlnaXShCE/0BYpvWSs6JeW/MGDnQimYiau\nNepF4TsJny6YZSwTysmYls0CAwEAAQ==\n-----END PUBLIC KEY-----\n",
            "rsa_bits": 4096
          },
          "sensitive_attributes": [
            [
              {
                "type": "get_attr",
                "value": "private_key_pem"
              }
            ],
            [
              {
                "type": "get_attr",
                "value": "private_key_openssh"
              }
            ],
            [
              {
                "type": "get_attr",
                "value": "private_key_pem_pkcs8"
              }
            ]
          ]
        }
      ]
    }
  ],
  "check_results": null
}
